
Microsoft Visual Studio Solution File, Format Version 12.00
# Visual Studio Version 17
VisualStudioVersion = 17.2.32602.215
MinimumVisualStudioVersion = 10.0.40219.1
Project("{8BC9CEB8-8B4A-11D0-8D11-00A0C91BC942}") = "FormativePokerGame", "FormativePokerGame\FormativePokerGame.vcxproj", "{3CE314E7-50F0-4777-9321-09AD55CA767D}"
EndProject
Global
	GlobalSection(SolutionConfigurationPlatforms) = preSolution
		Debug|x64 = Debug|x64
		Debug|x86 = Debug|x86
		Release|x64 = Release|x64
		Release|x86 = Release|x86
	EndGlobalSection
	GlobalSection(ProjectConfigurationPlatforms) = postSolution
		{3CE314E7-50F0-4777-9321-09AD55CA767D}.Debug|x64.ActiveCfg = Debug|x64
		{3CE314E7-50F0-4777-9321-09AD55CA767D}.Debug|x64.Build.0 = Debug|x64
		{3CE314E7-50F0-4777-9321-09AD55CA767D}.Debug|x86.ActiveCfg = Debug|Win32
		{3CE314E7-50F0-4777-9321-09AD55CA767D}.Debug|x86.Build.0 = Debug|Win32
		{3CE314E7-50F0-4777-9321-09AD55CA767D}.Release|x64.ActiveCfg = Release|x64
		{3CE314E7-50F0-4777-9321-09AD55CA767D}.Release|x64.Build.0 = Release|x64
		{3CE314E7-50F0-4777-9321-09AD55CA767D}.Release|x86.ActiveCfg = Release|Win32
		{3CE314E7-50F0-4777-9321-09AD55CA767D}.Release|x86.Build.0 = Release|Win32
	EndGlobalSection
	GlobalSection(SolutionProperties) = preSolution
		HideSolutionNode = FALSE
	EndGlobalSection
	GlobalSection(ExtensibilityGlobals) = postSolution
		SolutionGuid = {BABCE3AB-3F95-4BE7-80B0-D5ED67B0EC7D}
	EndGlobalSection
EndGlobal
